
Microsoft Visual Studio Solution File, Format Version 12.00
# Visual Studio Version 16
VisualStudioVersion = 16.0.34601.136
MinimumVisualStudioVersion = 10.0.40219.1
Project("{FAE04EC0-301F-11D3-BF4B-00C04F79EFBC}") = "OopPrinciples", "OopPrinciples\OopPrinciples.csproj", "{5335155A-C270-4F5C-A399-08DE4999833E}"
EndProject
Global
	GlobalSection(SolutionConfigurationPlatforms) = preSolution
		Debug|Any CPU = Debug|Any CPU
		Release|Any CPU = Release|Any CPU
	EndGlobalSection
	GlobalSection(ProjectConfigurationPlatforms) = postSolution
		{5335155A-C270-4F5C-A399-08DE4999833E}.Debug|Any CPU.ActiveCfg = Debug|Any CPU
		{5335155A-C270-4F5C-A399-08DE4999833E}.Debug|Any CPU.Build.0 = Debug|Any CPU
		{5335155A-C270-4F5C-A399-08DE4999833E}.Release|Any CPU.ActiveCfg = Release|Any CPU
		{5335155A-C270-4F5C-A399-08DE4999833E}.Release|Any CPU.Build.0 = Release|Any CPU
	EndGlobalSection
	GlobalSection(SolutionProperties) = preSolution
		HideSolutionNode = FALSE
	EndGlobalSection
	GlobalSection(ExtensibilityGlobals) = postSolution
		SolutionGuid = {D12C49B0-4B6C-4889-AC87-C9CE2E803C02}
	EndGlobalSection
EndGlobal
